hash: 90fb85479d69e981a2767c1a6784dcaa54ad79a75d3c6b78a229491f9f55518e
updated: 2019-03-14T22:01:53.302542404Z
imports:
- name: cloud.google.com/go
  version: 3b1ae45394a234c385be014e9a488f2bb6eef821
  subpackages:
  - compute/metadata
  - internal
  - storage
- name: fortio.org/fortio
  version: 921123254a5123b0e08a0fabc23d67d55b8e8877
  subpackages:
  - fhttp
  - fnet
  - log
  - periodic
  - stats
  - version
- name: github.com/agext/levenshtein
  version: 0ded9c86537917af2ff89bc9c78de6bd58477894
- name: github.com/apparentlymart/go-cidr
  version: 1755c023625ec3a84979b90841a1ab067ed6c071
  subpackages:
  - cidr
- name: github.com/apparentlymart/go-textseg
  version: fb01f485ebef760e5ee06d55e1b07534dda2d295
  subpackages:
  - textseg
- name: github.com/armon/go-metrics
  version: f0300d1749da6fa982027e449ec0c7a145510c3c
- name: github.com/armon/go-radix
  version: 1a2de0c21c94309923825da3df33a4381872c795
- name: github.com/awalterschulze/gographviz
  version: c84395e536e1a1199093a4e6253d1bee99e4cd2a
  subpackages:
  - ast
  - internal/errors
  - internal/lexer
  - internal/parser
  - internal/token
- name: github.com/aws/aws-sdk-go
  version: 06b6ff7a2d1360d3504c1ad6e7d3d073e1bc4619
  subpackages:
  - aws
  - aws/awserr
  - aws/awsutil
  - aws/client
  - aws/client/metadata
  - aws/corehandlers
  - aws/credentials
  - aws/credentials/ec2rolecreds
  - aws/credentials/endpointcreds
  - aws/credentials/processcreds
  - aws/credentials/stscreds
  - aws/csm
  - aws/defaults
  - aws/ec2metadata
  - aws/endpoints
  - aws/request
  - aws/session
  - aws/signer/v4
  - internal/ini
  - internal/s3err
  - internal/sdkio
  - internal/sdkrand
  - internal/sdkuri
  - internal/shareddefaults
  - private/protocol
  - private/protocol/eventstream
  - private/protocol/eventstream/eventstreamapi
  - private/protocol/query
  - private/protocol/query/queryutil
  - private/protocol/rest
  - private/protocol/restxml
  - private/protocol/xml/xmlutil
  - service/s3
  - service/sts
- name: github.com/beorn7/perks
  version: 3a771d992973f24aa725d07868b467d1ddfceafb
  subpackages:
  - quantile
- name: github.com/bgentry/go-netrc
  version: 9fd32a8b3d3d3f9d43c341bfe098430e07609480
  subpackages:
  - netrc
- name: github.com/bgentry/speakeasy
  version: 4aabc24848ce5fd31929f7d1e4ea74d3709c14cd
- name: github.com/blang/semver
  version: 3c1074078d32d767e08ab2c8564867292da86926
- name: github.com/cenkalti/backoff
  version: 1e4cf3da559842a91afcb6ea6141451e6c30c618
- name: github.com/davecgh/go-spew
  version: 8991bc29aa16c548c550c7ff78260e27b9ab7c73
  subpackages:
  - spew
- name: github.com/emicklei/go-restful
  version: ff4f55a206334ef123e4f79bbf348980da81ca46
  subpackages:
  - log
- name: github.com/envoyproxy/go-control-plane
  version: 0ad6fa1cf0b9b6ca8f3617a7188a568e81f40b87
  subpackages:
  - envoy/admin/v2alpha
  - envoy/api/v2
  - envoy/api/v2/auth
  - envoy/api/v2/cluster
  - envoy/api/v2/core
  - envoy/api/v2/endpoint
  - envoy/api/v2/listener
  - envoy/api/v2/route
  - envoy/config/accesslog/v2
  - envoy/config/bootstrap/v2
  - envoy/config/filter/accesslog/v2
  - envoy/config/filter/fault/v2
  - envoy/config/filter/http/fault/v2
  - envoy/config/filter/http/health_check/v2
  - envoy/config/filter/http/rbac/v2
  - envoy/config/filter/network/http_connection_manager/v2
  - envoy/config/filter/network/mongo_proxy/v2
  - envoy/config/filter/network/mysql_proxy/v1alpha1
  - envoy/config/filter/network/rbac/v2
  - envoy/config/filter/network/redis_proxy/v2
  - envoy/config/filter/network/tcp_proxy/v2
  - envoy/config/grpc_credential/v2alpha
  - envoy/config/metrics/v2
  - envoy/config/overload/v2alpha
  - envoy/config/ratelimit/v2
  - envoy/config/rbac/v2alpha
  - envoy/config/trace/v2
  - envoy/service/discovery/v2
  - envoy/service/tap/v2alpha
  - envoy/type
  - envoy/type/matcher
  - pkg/util
- name: github.com/evanphx/json-patch
  version: 5858425f75500d40c52783dce87d085a483ce135
- name: github.com/fatih/color
  version: 3f9d52f7176a6927daacff70a3e8d1dc2025c53e
- name: github.com/fsnotify/fsnotify
  version: 1485a34d5d5723fea214f5710708e19a831720e4
- name: github.com/ghodss/yaml
  version: 73d445a93680fa1a78ae23a5839bad48f32ba1ee
- name: github.com/gogo/googleapis
  version: 8558fb44d2f1fc223118afc694129d2c2d2924d1
  subpackages:
  - google/api
  - google/rpc
- name: github.com/gogo/protobuf
  version: 342cbe0a04158f6dcb03ca0079991a51a4248c02
  subpackages:
  - gogoproto
  - jsonpb
  - proto
  - protoc-gen-gogo/descriptor
  - sortkeys
  - types
- name: github.com/gogo/status
  version: d60b5acac426cb52f7e28124c6aaa862d9f339f5
- name: github.com/golang/groupcache
  version: 02826c3e79038b59d737d3b1c0a1d937f71a4433
  subpackages:
  - lru
- name: github.com/golang/protobuf
  version: b4deda0973fb4c70b50d226b1af49f3da59f5265
  subpackages:
  - proto
  - protoc-gen-go/descriptor
  - ptypes
  - ptypes/any
  - ptypes/duration
  - ptypes/timestamp
- name: github.com/golang/sync
  version: e225da77a7e68af35c70ccbf71af2b83e6acac3c
  subpackages:
  - errgroup
- name: github.com/google/btree
  version: 7d79101e329e5a3adf994758c578dab82b90c017
- name: github.com/google/go-cmp
  version: 6f77996f0c42f7b84e5a2b252227263f93432e9b
  subpackages:
  - cmp
  - cmp/internal/diff
  - cmp/internal/flags
  - cmp/internal/function
  - cmp/internal/value
- name: github.com/google/go-github
  version: 81d50fb163cf55944ccd714d092c2baa656d1831
  subpackages:
  - github
- name: github.com/google/go-querystring
  version: 44c6ddd0a2342c386950e880b658017258da92fc
  subpackages:
  - query
- name: github.com/google/gofuzz
  version: 44d81051d367757e1c7c6a5a86423ece9afcf63c
- name: github.com/google/uuid
  version: 0cd6bf5da1e1c83f8b45653022c74f71af0538a4
- name: github.com/googleapis/gnostic
  version: 0c5108395e2debce0d731cf0287ddf7242066aba
  subpackages:
  - OpenAPIv2
  - compiler
  - extensions
- name: github.com/gorilla/mux
  version: 15a353a636720571d19e37b34a14499c3afa9991
- name: github.com/gorilla/websocket
  version: 0ec3d1bd7fe50c503d6df98ee649d81f4857c564
- name: github.com/gregjones/httpcache
  version: 787624de3eb7bd915c329cba748687a3b22666a6
  subpackages:
  - diskcache
- name: github.com/grpc-ecosystem/go-grpc-middleware
  version: cfaf5686ec79ff8344257723b6f5ba1ae0ffeb4d
- name: github.com/grpc-ecosystem/go-grpc-prometheus
  version: 68e3a13e41175110a447e67246a59873d6aca902
- name: github.com/hashicorp/consul
  version: 33d0922db3f7168bccde0446a4690a8406caf84d
  subpackages:
  - api
- name: github.com/hashicorp/errwrap
  version: 8a6fb523712970c966eefc6b39ed2c5e74880354
- name: github.com/hashicorp/go-cleanhttp
  version: e8ab9daed8d1ddd2d3c4efba338fe2eeae2e4f18
- name: github.com/hashicorp/go-getter
  version: d9c5f687368ab14e686e0009a756480b2ea4611d
  subpackages:
  - helper/url
- name: github.com/hashicorp/go-hclog
  version: 6907afbebd2eef854f0be9194eb79b0ba75d7b29
- name: github.com/hashicorp/go-immutable-radix
  version: 27df80928bb34bb1b0d6d0e01b9e679902e7a6b5
- name: github.com/hashicorp/go-multierror
  version: 886a7fbe3eb1c874d46f623bfa70af45f425b3d1
- name: github.com/hashicorp/go-plugin
  version: 3f118e8ee104b6f22aeb12453fab56aed1356186
  subpackages:
  - internal/plugin
- name: github.com/hashicorp/go-rootcerts
  version: 63503fb4e1eca22f9ae0f90b49c5d5538a0e87eb
- name: github.com/hashicorp/go-safetemp
  version: c9a55de4fe06c920a71964b53cfe3dd293a3c743
- name: github.com/hashicorp/go-uuid
  version: 4f571afc59f3043a65f8fe6bf46d887b10a01d43
- name: github.com/hashicorp/go-version
  version: d40cf49b3a77bba84a7afdbd7f1dc295d114efb1
- name: github.com/hashicorp/golang-lru
  version: a0d98a5f288019575c6d1f4bb1573fef2d1fcdc4
  subpackages:
  - simplelru
- name: github.com/hashicorp/hcl
  version: 65a6292f0157eff210d03ed1bf6c59b190b8b906
  subpackages:
  - hcl/ast
  - hcl/parser
  - hcl/scanner
  - hcl/strconv
  - hcl/token
  - json/parser
  - json/scanner
  - json/token
- name: github.com/hashicorp/hcl2
  version: fdf8e232b64f68d5335fa1be449b0160dadacdb5
  subpackages:
  - ext/dynblock
  - ext/typeexpr
  - gohcl
  - hcl
  - hcl/hclsyntax
  - hcl/json
  - hcldec
  - hcled
  - hclparse
  - hclwrite
- name: github.com/hashicorp/hil
  version: 97b3a9cdfa9349086cfad7ea2fe3165bfe3cbf63
  subpackages:
  - ast
  - parser
  - scanner
- name: github.com/hashicorp/logutils
  version: a335183dfd075f638afcc820c90591ca3c97eba6
- name: github.com/hashicorp/serf
  version: b89a09ebd4b1b570e0076d5097272e67c10ac4f6
  subpackages:
  - coordinate
- name: github.com/hashicorp/terraform
  version: 9d0d564ec7c041d859ea4eb0b504fddfcc9b3bda
  subpackages:
  - addrs
  - command/format
  - config
  - config/hcl2shim
  - config/module
  - configs
  - configs/configload
  - configs/configschema
  - dag
  - flatmap
  - helper/config
  - helper/didyoumean
  - helper/hashcode
  - helper/hilmapstructure
  - helper/logging
  - helper/plugin
  - helper/resource
  - helper/schema
  - httpclient
  - internal/earlyconfig
  - internal/initwd
  - internal/modsdir
  - internal/tfplugin5
  - lang
  - lang/funcs
  - moduledeps
  - plans
  - plans/objchange
  - plugin
  - plugin/convert
  - plugin/discovery
  - providers
  - provisioners
  - registry
  - registry/regsrc
  - registry/response
  - states
  - states/statefile
  - svchost
  - svchost/auth
  - svchost/disco
  - terraform
  - tfdiags
  - version
- name: github.com/hashicorp/terraform-config-inspect
  version: b0707673339c3783277b0c74d4d849ab58750421
  subpackages:
  - tfconfig
- name: github.com/hashicorp/yamux
  version: 2f1d1f20f75d5404f53b9edf6b53ed5505508675
- name: github.com/howeyc/fsnotify
  version: f0c08ee9c60704c1879025f2ae0ff3e000082c13
- name: github.com/imdario/mergo
  version: 9316a62528ac99aaecb4e47eadd6dc8aa6533d58
- name: github.com/inconshreveable/mousetrap
  version: 76626ae9c91c4f2a10f34cad8ce83ea42c93bb75
- name: github.com/jmespath/go-jmespath
  version: c2b33e8439af944379acbdd9c3a5fe0bc44bd8a5
- name: github.com/json-iterator/go
  version: ab8a2e0c74be9d3be70b3184d9acc634935ded82
- name: github.com/lyft/protoc-gen-validate
  version: f9d2b11e44149635b23a002693b76512b01ae515
  subpackages:
  - validate
- name: github.com/mattn/go-colorable
  version: 3a70a971f94a22f2fa562ffcc7a0eb45f5daf045
- name: github.com/mattn/go-isatty
  version: c2a7a6ca930a4cd0bc33a3f298eb71960732a3a7
- name: github.com/matttproud/golang_protobuf_extensions
  version: c182affec369e30f25d3eb8cd8a478dee585ae7d
  subpackages:
  - pbutil
- name: github.com/mitchellh/cli
  version: 3d22a244be8aa6fb16ac24af0e195c08b7d973aa
- name: github.com/mitchellh/colorstring
  version: d06e56a500db4d08c33db0b79461e7c9beafca2d
- name: github.com/mitchellh/copystructure
  version: 9a1b6f44e8da0e0e374624fb0a825a231b00c537
- name: github.com/mitchellh/go-homedir
  version: af06845cf3004701891bf4fdb884bfe4920b3727
- name: github.com/mitchellh/go-testing-interface
  version: 6d0b8010fcc857872e42fc6c931227569016843c
- name: github.com/mitchellh/go-wordwrap
  version: 9e67c67572bc5dd02aef930e2b0ae3c02a4b5a5c
- name: github.com/mitchellh/hashstructure
  version: a38c50148365edc8df43c1580c48fb2b3a1e9cd7
- name: github.com/mitchellh/mapstructure
  version: 3536a929edddb9a5b34bd6861dc4a9647cb459fe
- name: github.com/mitchellh/reflectwalk
  version: eecee6c969c02c8cc2ae48e1e269843ae8590796
- name: github.com/modern-go/concurrent
  version: bacd9c7ef1dd9b15be4a9909b8ac7a4e313eec94
- name: github.com/modern-go/reflect2
  version: 94122c33edd36123c84d5368cfb2b69df93a0ec8
- name: github.com/natefinch/lumberjack
  version: 7d6a1875575e09256dc552b4c0e450dcd02bd10e
- name: github.com/oklog/run
  version: 6934b124db28979da51d3470dadfa34d73d72652
- name: github.com/peterbourgon/diskv
  version: 5f041e8faa004a95c88a202771f4cc3e991971e6
- name: github.com/pkg/errors
  version: 27936f6d90f9c8e1145f11ed52ffffbfdb9e0af7
- name: github.com/pmezard/go-difflib
  version: d8ed2627bdf02c080bf22230dbb337003b7aba2d
  subpackages:
  - difflib
- name: github.com/posener/complete
  version: af07aa5181b38e3fa57d053328e44aaa27da5999
  subpackages:
  - cmd
  - cmd/install
  - match
- name: github.com/prometheus/client_golang
  version: fa4aa9000d2863904891d193dea354d23f3d712a
  subpackages:
  - prometheus
  - prometheus/internal
  - prometheus/promhttp
- name: github.com/prometheus/client_model
  version: fd36f4220a901265f90734c3183c5f0c91daa0b8
  subpackages:
  - go
- name: github.com/prometheus/common
  version: 8b748030788ea01a6ceb5068504cfa01d1b335b1
  subpackages:
  - expfmt
  - internal/bitbucket.org/ww/goautoneg
  - model
- name: github.com/prometheus/procfs
  version: 65c1f6f8f0fc1e2185eb9863a3bc751496404259
  subpackages:
  - xfs
- name: github.com/prometheus/prom2json
  version: 47e3ee600b5a838d6b19b887fc51d4b77c52fd4e
- name: github.com/spf13/afero
  version: f4711e4db9e9a1d3887343acb72b2bbfc2f686f5
  subpackages:
  - mem
- name: github.com/spf13/cobra
  version: c439c4fa093711d42e1b01acb1235b52004753c1
- name: github.com/spf13/pflag
  version: 583c0c0531f06d5278b7d917446061adc344b5cd
- name: github.com/ulikunitz/xz
  version: 6f934d456d51e742b4eeab20d925a827ef22320a
  subpackages:
  - internal/hash
  - internal/xlog
  - lzma
- name: github.com/vmihailenco/msgpack
  version: b962d79429a3c5135cca9ed528943f1551ec04df
  subpackages:
  - codes
- name: github.com/yl2chen/cidranger
  version: 928b519e5268fe386d0f7decce320205cc09ca95
  subpackages:
  - net
- name: github.com/zclconf/go-cty
  version: 19dda139b164a5503de2051225fa6b94f5d39e05
  subpackages:
  - cty
  - cty/convert
  - cty/function
  - cty/function/stdlib
  - cty/gocty
  - cty/json
  - cty/msgpack
  - cty/set
- name: go.opencensus.io
  version: 4c51322deaf814004e48e541c32b0cf777d04f8d
  subpackages:
  - exemplar
  - exporter/prometheus
  - internal
  - internal/tagencoding
  - plugin/ocgrpc
  - plugin/ochttp
  - plugin/ochttp/propagation/b3
  - stats
  - stats/internal
  - stats/view
  - tag
  - trace
  - trace/internal
  - trace/propagation
  - trace/tracestate
- name: go.uber.org/atomic
  version: 5328d69c76a98d1d21c773653a5a78fa28d89921
- name: go.uber.org/multierr
  version: ddea229ff1dff9e6fe8a6c0344ac73b09e81fce5
- name: go.uber.org/zap
  version: 67bc79d13d155c02fd008f721863ff8cc5f30659
  subpackages:
  - buffer
  - internal/bufferpool
  - internal/color
  - internal/exit
  - zapcore
  - zapgrpc
- name: golang.org/x/crypto
  version: de0752318171da717af4ce24d0a2e8626afaeb11
  subpackages:
  - bcrypt
  - blowfish
  - cast5
  - curve25519
  - ed25519
  - ed25519/internal/edwards25519
  - internal/chacha20
  - internal/subtle
  - openpgp
  - openpgp/armor
  - openpgp/elgamal
  - openpgp/errors
  - openpgp/packet
  - openpgp/s2k
  - poly1305
  - ssh
  - ssh/agent
  - ssh/terminal
- name: golang.org/x/net
  version: 0ed95abb35c445290478a5348a7b38bb154135fd
  subpackages:
  - context
  - context/ctxhttp
  - html
  - html/atom
  - http2
  - http2/hpack
  - idna
  - internal/timeseries
  - lex/httplex
  - trace
  - websocket
- name: golang.org/x/oauth2
  version: a6bd8cefa1811bd24b86f8902872e4e8225f74c4
  subpackages:
  - google
  - internal
  - jws
  - jwt
- name: golang.org/x/sys
  version: 41f3e6584952bb034a481797859f6ab34b6803bd
  subpackages:
  - unix
  - windows
- name: golang.org/x/text
  version: b19bf474d317b857955b12035d2c5acb57ce8b01
  subpackages:
  - encoding
  - encoding/internal
  - encoding/internal/identifier
  - encoding/unicode
  - internal/utf8internal
  - runes
  - secure/bidirule
  - transform
  - unicode/bidi
  - unicode/norm
- name: golang.org/x/time
  version: f51c12702a4d776e4c1fa9b0fabab841babae631
  subpackages:
  - rate
- name: google.golang.org/api
  version: d037a07ec1414211370c91b4202681d74a7a999e
  subpackages:
  - gensupport
  - googleapi
  - googleapi/internal/uritemplates
  - googleapi/transport
  - internal
  - iterator
  - option
  - storage/v1
  - transport
  - transport/grpc
  - transport/http
  - transport/http/internal/propagation
- name: google.golang.org/appengine
  version: 54a98f90d1c46b7731eb8fb305d2a321c30ef610
  subpackages:
  - datastore
  - internal
  - internal/app_identity
  - internal/base
  - internal/datastore
  - internal/log
  - internal/modules
  - internal/remote_api
  - internal/socket
  - internal/urlfetch
  - socket
  - urlfetch
- name: google.golang.org/genproto
  version: 5fe7a883aa19554f42890211544aa549836af7b7
  subpackages:
  - googleapis/rpc/status
- name: google.golang.org/grpc
  version: 2fdaae294f38ed9a121193c51ec99fecd3b13eb7
  subpackages:
  - balancer
  - balancer/base
  - balancer/roundrobin
  - binarylog/grpc_binarylog_v1
  - codes
  - connectivity
  - credentials
  - credentials/internal
  - credentials/oauth
  - encoding
  - encoding/proto
  - grpclog
  - health
  - health/grpc_health_v1
  - internal
  - internal/backoff
  - internal/binarylog
  - internal/channelz
  - internal/envconfig
  - internal/grpcrand
  - internal/grpcsync
  - internal/syscall
  - internal/transport
  - keepalive
  - metadata
  - naming
  - peer
  - resolver
  - resolver/dns
  - resolver/passthrough
  - stats
  - status
  - tap
  - test/bufconn
- name: gopkg.in/inf.v0
  version: 3887ee99ecf07df5b447e9b00d9c0b2adaa9f3e4
- name: gopkg.in/yaml.v2
  version: 5420a8b6744d3b0345ab293f6fcba19c978f1183
- name: istio.io/api
  version: 8463cba039d858e8a849847b872ecea50b0994df
  subpackages:
  - authentication/v1alpha1
  - envoy/config/filter/http/authn/v2alpha1
  - envoy/config/filter/http/jwt_auth/v2alpha1
  - mcp/v1alpha1
  - mesh/v1alpha1
  - mixer/v1
  - mixer/v1/config/client
  - networking/v1alpha3
  - policy/v1beta1
  - rbac/v1alpha1
- name: istio.io/istio
  version: 09c054d146a7588811930f6d9f4b2c318c3f6cfe
  subpackages:
  - galley/pkg/metadata
  - galley/pkg/runtime/resource
  - mixer/pkg/attribute
  - mixer/pkg/mockapi
  - mixer/pkg/pool
  - mixer/pkg/status
  - mixer/test/client/env
  - pilot/cmd
  - pilot/pkg/bootstrap
  - pilot/pkg/config/aggregate
  - pilot/pkg/config/clusterregistry
  - pilot/pkg/config/coredatamodel
  - pilot/pkg/config/kube/crd
  - pilot/pkg/config/kube/ingress
  - pilot/pkg/config/memory
  - pilot/pkg/config/monitor
  - pilot/pkg/model
  - pilot/pkg/model/test
  - pilot/pkg/networking/core
  - pilot/pkg/networking/core/v1alpha3
  - pilot/pkg/networking/core/v1alpha3/loadbalancer
  - pilot/pkg/networking/core/v1alpha3/route
  - pilot/pkg/networking/core/v1alpha3/route/retry
  - pilot/pkg/networking/plugin
  - pilot/pkg/networking/plugin/authn
  - pilot/pkg/networking/plugin/authz
  - pilot/pkg/networking/plugin/health
  - pilot/pkg/networking/plugin/mixer
  - pilot/pkg/networking/plugin/registry
  - pilot/pkg/networking/util
  - pilot/pkg/proxy
  - pilot/pkg/proxy/envoy
  - pilot/pkg/proxy/envoy/v2
  - pilot/pkg/serviceregistry
  - pilot/pkg/serviceregistry/aggregate
  - pilot/pkg/serviceregistry/consul
  - pilot/pkg/serviceregistry/external
  - pilot/pkg/serviceregistry/kube
  - pilot/pkg/serviceregistry/memory
  - pkg/adsc
  - pkg/bootstrap
  - pkg/bootstrap/platform
  - pkg/cache
  - pkg/ctrlz
  - pkg/ctrlz/fw
  - pkg/ctrlz/topics
  - pkg/features/pilot
  - pkg/filewatcher
  - pkg/keepalive
  - pkg/kube
  - pkg/kube/secretcontroller
  - pkg/log
  - pkg/mcp/client
  - pkg/mcp/configz
  - pkg/mcp/creds
  - pkg/mcp/internal
  - pkg/mcp/monitoring
  - pkg/mcp/rate
  - pkg/mcp/sink
  - pkg/mcp/testing/monitoring
  - pkg/proto
  - pkg/spiffe
  - pkg/test
  - pkg/test/application/echo/proto
  - pkg/test/env
  - pkg/version
  - tests/util
- name: k8s.io/api
  version: 5cb15d34447165a97c76ed5a60e4e99c8a01ecfe
  subpackages:
  - admissionregistration/v1alpha1
  - admissionregistration/v1beta1
  - apps/v1
  - apps/v1beta1
  - apps/v1beta2
  - auditregistration/v1alpha1
  - authentication/v1
  - authentication/v1beta1
  - authorization/v1
  - authorization/v1beta1
  - autoscaling/v1
  - autoscaling/v2beta1
  - autoscaling/v2beta2
  - batch/v1
  - batch/v1beta1
  - batch/v2alpha1
  - certificates/v1beta1
  - coordination/v1beta1
  - core/v1
  - events/v1beta1
  - extensions/v1beta1
  - imagepolicy/v1alpha1
  - networking/v1
  - policy/v1beta1
  - rbac/v1
  - rbac/v1alpha1
  - rbac/v1beta1
  - scheduling/v1alpha1
  - scheduling/v1beta1
  - settings/v1alpha1
  - storage/v1
  - storage/v1alpha1
  - storage/v1beta1
- name: k8s.io/apiextensions-apiserver
  version: 80ebb0f65ac12d9684d4789ecfd2ba32ceaedc0b
  subpackages:
  - pkg/apis/apiextensions
  - pkg/apis/apiextensions/v1beta1
  - pkg/client/clientset/clientset
  - pkg/client/clientset/clientset/scheme
  - pkg/client/clientset/clientset/typed/apiextensions/v1beta1
- name: k8s.io/apimachinery
  version: 86fb29eff6288413d76bd8506874fddd9fccdff0
  subpackages:
  - pkg/api/errors
  - pkg/api/meta
  - pkg/api/resource
  - pkg/apis/meta/internalversion
  - pkg/apis/meta/v1
  - pkg/apis/meta/v1/unstructured
  - pkg/apis/meta/v1/unstructured/unstructuredscheme
  - pkg/apis/meta/v1beta1
  - pkg/conversion
  - pkg/conversion/queryparams
  - pkg/fields
  - pkg/labels
  - pkg/runtime
  - pkg/runtime/schema
  - pkg/runtime/serializer
  - pkg/runtime/serializer/json
  - pkg/runtime/serializer/protobuf
  - pkg/runtime/serializer/recognizer
  - pkg/runtime/serializer/streaming
  - pkg/runtime/serializer/versioning
  - pkg/selection
  - pkg/types
  - pkg/util/cache
  - pkg/util/clock
  - pkg/util/diff
  - pkg/util/errors
  - pkg/util/framer
  - pkg/util/intstr
  - pkg/util/json
  - pkg/util/mergepatch
  - pkg/util/naming
  - pkg/util/net
  - pkg/util/runtime
  - pkg/util/sets
  - pkg/util/strategicpatch
  - pkg/util/validation
  - pkg/util/validation/field
  - pkg/util/wait
  - pkg/util/yaml
  - pkg/version
  - pkg/watch
  - third_party/forked/golang/json
  - third_party/forked/golang/reflect
- name: k8s.io/cli-runtime
  version: a9e421a7932607ce4623ff45add8274499cca193
  subpackages:
  - pkg/genericclioptions
  - pkg/genericclioptions/printers
  - pkg/genericclioptions/resource
- name: k8s.io/client-go
  version: b40b2a5939e43f7ffe0028ad67586b7ce50bb675
  subpackages:
  - discovery
  - dynamic
  - informers
  - informers/admissionregistration
  - informers/admissionregistration/v1alpha1
  - informers/admissionregistration/v1beta1
  - informers/apps
  - informers/apps/v1
  - informers/apps/v1beta1
  - informers/apps/v1beta2
  - informers/auditregistration
  - informers/auditregistration/v1alpha1
  - informers/autoscaling
  - informers/autoscaling/v1
  - informers/autoscaling/v2beta1
  - informers/autoscaling/v2beta2
  - informers/batch
  - informers/batch/v1
  - informers/batch/v1beta1
  - informers/batch/v2alpha1
  - informers/certificates
  - informers/certificates/v1beta1
  - informers/coordination
  - informers/coordination/v1beta1
  - informers/core
  - informers/core/v1
  - informers/events
  - informers/events/v1beta1
  - informers/extensions
  - informers/extensions/v1beta1
  - informers/internalinterfaces
  - informers/networking
  - informers/networking/v1
  - informers/policy
  - informers/policy/v1beta1
  - informers/rbac
  - informers/rbac/v1
  - informers/rbac/v1alpha1
  - informers/rbac/v1beta1
  - informers/scheduling
  - informers/scheduling/v1alpha1
  - informers/scheduling/v1beta1
  - informers/settings
  - informers/settings/v1alpha1
  - informers/storage
  - informers/storage/v1
  - informers/storage/v1alpha1
  - informers/storage/v1beta1
  - kubernetes
  - kubernetes/scheme
  - kubernetes/typed/admissionregistration/v1alpha1
  - kubernetes/typed/admissionregistration/v1beta1
  - kubernetes/typed/apps/v1
  - kubernetes/typed/apps/v1beta1
  - kubernetes/typed/apps/v1beta2
  - kubernetes/typed/auditregistration/v1alpha1
  - kubernetes/typed/authentication/v1
  - kubernetes/typed/authentication/v1beta1
  - kubernetes/typed/authorization/v1
  - kubernetes/typed/authorization/v1beta1
  - kubernetes/typed/autoscaling/v1
  - kubernetes/typed/autoscaling/v2beta1
  - kubernetes/typed/autoscaling/v2beta2
  - kubernetes/typed/batch/v1
  - kubernetes/typed/batch/v1beta1
  - kubernetes/typed/batch/v2alpha1
  - kubernetes/typed/certificates/v1beta1
  - kubernetes/typed/coordination/v1beta1
  - kubernetes/typed/core/v1
  - kubernetes/typed/events/v1beta1
  - kubernetes/typed/extensions/v1beta1
  - kubernetes/typed/networking/v1
  - kubernetes/typed/policy/v1beta1
  - kubernetes/typed/rbac/v1
  - kubernetes/typed/rbac/v1alpha1
  - kubernetes/typed/rbac/v1beta1
  - kubernetes/typed/scheduling/v1alpha1
  - kubernetes/typed/scheduling/v1beta1
  - kubernetes/typed/settings/v1alpha1
  - kubernetes/typed/storage/v1
  - kubernetes/typed/storage/v1alpha1
  - kubernetes/typed/storage/v1beta1
  - listers/admissionregistration/v1alpha1
  - listers/admissionregistration/v1beta1
  - listers/apps/v1
  - listers/apps/v1beta1
  - listers/apps/v1beta2
  - listers/auditregistration/v1alpha1
  - listers/autoscaling/v1
  - listers/autoscaling/v2beta1
  - listers/autoscaling/v2beta2
  - listers/batch/v1
  - listers/batch/v1beta1
  - listers/batch/v2alpha1
  - listers/certificates/v1beta1
  - listers/coordination/v1beta1
  - listers/core/v1
  - listers/events/v1beta1
  - listers/extensions/v1beta1
  - listers/networking/v1
  - listers/policy/v1beta1
  - listers/rbac/v1
  - listers/rbac/v1alpha1
  - listers/rbac/v1beta1
  - listers/scheduling/v1alpha1
  - listers/scheduling/v1beta1
  - listers/settings/v1alpha1
  - listers/storage/v1
  - listers/storage/v1alpha1
  - listers/storage/v1beta1
  - pkg/apis/clientauthentication
  - pkg/apis/clientauthentication/v1alpha1
  - pkg/apis/clientauthentication/v1beta1
  - pkg/version
  - plugin/pkg/client/auth/exec
  - plugin/pkg/client/auth/gcp
  - plugin/pkg/client/auth/oidc
  - rest
  - rest/watch
  - restmapper
  - third_party/forked/golang/template
  - tools/auth
  - tools/cache
  - tools/clientcmd
  - tools/clientcmd/api
  - tools/clientcmd/api/latest
  - tools/clientcmd/api/v1
  - tools/leaderelection
  - tools/leaderelection/resourcelock
  - tools/metrics
  - tools/pager
  - tools/record
  - tools/reference
  - transport
  - util/buffer
  - util/cert
  - util/connrotation
  - util/flowcontrol
  - util/homedir
  - util/integer
  - util/jsonpath
  - util/retry
  - util/workqueue
- name: k8s.io/klog
  version: 8139d8cb77af419532b33dfa7dd09fbc5f1d344f
- name: k8s.io/kube-openapi
  version: 15615b16d372105f0c69ff47dfe7402926a65aaa
  subpackages:
  - pkg/util/proto
- name: sigs.k8s.io/yaml
  version: fd68e9863619f6ec2fdd8625fe1f02e7c877e480
testImports:
- name: github.com/gruntwork-io/terratest
  version: 14a766db13787cf19cab4703d9415481930854b1
  subpackages:
  - modules/collections
  - modules/customerrors
  - modules/files
  - modules/http-helper
  - modules/logger
  - modules/retry
  - modules/shell
  - modules/ssh
  - modules/terraform
